// !$*UTF8*$!
{
	archiveVersion = 1;
	classes = {
	};
	objectVersion = 56;
	objects = {

/* Begin PBXBuildFile section */
		91858F7B2AB9E9BF00A5CC5E /* dulceApp.swift in Sources */ = {isa = PBXBuildFile; fileRef = 91858F7A2AB9E9BF00A5CC5E /* dulceApp.swift */; };
		91858F7D2AB9E9BF00A5CC5E /* ContentView.swift in Sources */ = {isa = PBXBuildFile; fileRef = 91858F7C2AB9E9BF00A5CC5E /* ContentView.swift */; };
		91858F7F2AB9E9C100A5CC5E /* Assets.xcassets in Resources */ = {isa = PBXBuildFile; fileRef = 91858F7E2AB9E9C100A5CC5E /* Assets.xcassets */; };
		91858F822AB9E9C100A5CC5E /* Preview Assets.xcassets in Resources */ = {isa = PBXBuildFile; fileRef = 91858F812AB9E9C100A5CC5E /* Preview Assets.xcassets */; };
		91858F8C2AB9E9C100A5CC5E /* dulceTests.swift in Sources */ = {isa = PBXBuildFile; fileRef = 91858F8B2AB9E9C100A5CC5E /* dulceTests.swift */; };
		91858F962AB9E9C100A5CC5E /* dulceUITests.swift in Sources */ = {isa = PBXBuildFile; fileRef = 91858F952AB9E9C100A5CC5E /* dulceUITests.swift */; };
		91858F982AB9E9C100A5CC5E /* dulceUITestsLaunchTests.swift in Sources */ = {isa = PBXBuildFile; fileRef = 91858F972AB9E9C100A5CC5E /* dulceUITestsLaunchTests.swift */; };
		91D0465E2ABA222300C502C3 /* Notes.swift in Sources */ = {isa = PBXBuildFile; fileRef = 91D0465D2ABA222300C502C3 /* Notes.swift */; };
/* End PBXBuildFile section */

/* Begin PBXContainerItemProxy section */
		91858F882AB9E9C100A5CC5E /* PBXContainerItemProxy */ = {
			isa = PBXContainerItemProxy;
			containerPortal = 91858F6F2AB9E9BF00A5CC5E /* Project object */;
			proxyType = 1;
			remoteGlobalIDString = 91858F762AB9E9BF00A5CC5E;
			remoteInfo = dulce;
		};
		91858F922AB9E9C100A5CC5E /* PBXContainerItemProxy */ = {
			isa = PBXContainerItemProxy;
			containerPortal = 91858F6F2AB9E9BF00A5CC5E /* Project object */;
			proxyType = 1;
			remoteGlobalIDString = 91858F762AB9E9BF00A5CC5E;
			remoteInfo = dulce;
		};
/* End PBXContainerItemProxy section */

/* Begin PBXFileReference section */
		91858F772AB9E9BF00A5CC5E /* dulce.app */ = {isa = PBXFileReference; explicitFileType = wrapper.application; includeInIndex = 0; path = dulce.app; sourceTree = BUILT_PRODUCTS_DIR; };
		91858F7A2AB9E9BF00A5CC5E /* dulceApp.swift */ = {isa = PBXFileReference; lastKnownFileType = sourcecode.swift; path = dulceApp.swift; sourceTree = "<group>"; };
		91858F7C2AB9E9BF00A5CC5E /* ContentView.swift */ = {isa = PBXFileReference; lastKnownFileType = sourcecode.swift; path = ContentView.swift; sourceTree = "<group>"; };
		91858F7E2AB9E9C100A5CC5E /* Assets.xcassets */ = {isa = PBXFileReference; lastKnownFileType = folder.assetcatalog; path = Assets.xcassets; sourceTree = "<group>"; };
		91858F812AB9E9C100A5CC5E /* Preview Assets.xcassets */ = {isa = PBXFileReference; lastKnownFileType = folder.assetcatalog; path = "Preview Assets.xcassets"; sourceTree = "<group>"; };
		91858F872AB9E9C100A5CC5E /* dulceTests.xctest */ = {isa = PBXFileReference; explicitFileType = wrapper.cfbundle; includeInIndex = 0; path = dulceTests.xctest; sourceTree = BUILT_PRODUCTS_DIR; };
		91858F8B2AB9E9C100A5CC5E /* dulceTests.swift */ = {isa = PBXFileReference; lastKnownFileType = sourcecode.swift; path = dulceTests.swift; sourceTree = "<group>"; };
		91858F912AB9E9C100A5CC5E /* dulceUITests.xctest */ = {isa = PBXFileReference; explicitFileType = wrapper.cfbundle; includeInIndex = 0; path = dulceUITests.xctest; sourceTree = BUILT_PRODUCTS_DIR; };
		91858F952AB9E9C100A5CC5E /* dulceUITests.swift */ = {isa = PBXFileReference; lastKnownFileType = sourcecode.swift; path = dulceUITests.swift; sourceTree = "<group>"; };
		91858F972AB9E9C100A5CC5E /* dulceUITestsLaunchTests.swift */ = {isa = PBXFileReference; lastKnownFileType = sourcecode.swift; path = dulceUITestsLaunchTests.swift; sourceTree = "<group>"; };
		91D0465A2AB9F90B00C502C3 /* _todo.txt */ = {isa = PBXFileReference; lastKnownFileType = text; path = _todo.txt; sourceTree = "<group>"; };
		91D0465B2AB9FA6100C502C3 /* code.bas */ = {isa = PBXFileReference; lastKnownFileType = text; path = code.bas; sourceTree = "<group>"; };
		91D0465C2ABA168800C502C3 /* dulce.key */ = {isa = PBXFileReference; lastKnownFileType = file; path = dulce.key; sourceTree = "<group>"; };
		91D0465D2ABA222300C502C3 /* Notes.swift */ = {isa = PBXFileReference; lastKnownFileType = sourcecode.swift; path = Notes.swift; sourceTree = "<group>"; };
/* End PBXFileReference section */

/* Begin PBXFrameworksBuildPhase section */
		91858F742AB9E9BF00A5CC5E /* Frameworks */ = {
			isa = PBXFrameworksBuildPhase;
			buildActionMask = 2147483647;
			files = (
			);
			runOnlyForDeploymentPostprocessing = 0;
		};
		91858F842AB9E9C100A5CC5E /* Frameworks */ = {
			isa = PBXFrameworksBuildPhase;
			buildActionMask = 2147483647;
			files = (
			);
			runOnlyForDeploymentPostprocessing = 0;
		};
		91858F8E2AB9E9C100A5CC5E /* Frameworks */ = {
			isa = PBXFrameworksBuildPhase;
			buildActionMask = 2147483647;
			files = (
			);
			runOnlyForDeploymentPostprocessing = 0;
		};
/* End PBXFrameworksBuildPhase section */

/* Begin PBXGroup section */
		91858F6E2AB9E9BF00A5CC5E = {
			isa = PBXGroup;
			children = (
				91D0465A2AB9F90B00C502C3 /* _todo.txt */,
				91D0465C2ABA168800C502C3 /* dulce.key */,
				91D0465B2AB9FA6100C502C3 /* code.bas */,
				91858F792AB9E9BF00A5CC5E /* dulce */,
				91858F8A2AB9E9C100A5CC5E /* dulceTests */,
				91858F942AB9E9C100A5CC5E /* dulceUITests */,
				91858F782AB9E9BF00A5CC5E /* Products */,
			);
			sourceTree = "<group>";
		};
		91858F782AB9E9BF00A5CC5E /* Products */ = {
			isa = PBXGroup;
			children = (
				91858F772AB9E9BF00A5CC5E /* dulce.app */,
				91858F872AB9E9C100A5CC5E /* dulceTests.xctest */,
				91858F912AB9E9C100A5CC5E /* dulceUITests.xctest */,
			);
			name = Products;
			sourceTree = "<group>";
		};
		91858F792AB9E9BF00A5CC5E /* dulce */ = {
			isa = PBXGroup;
			children = (
				91858F7A2AB9E9BF00A5CC5E /* dulceApp.swift */,
				91858F7C2AB9E9BF00A5CC5E /* ContentView.swift */,
				91858F7E2AB9E9C100A5CC5E /* Assets.xcassets */,
				91858F802AB9E9C100A5CC5E /* Preview Content */,
				91D0465D2ABA222300C502C3 /* Notes.swift */,
			);
			path = dulce;
			sourceTree = "<group>";
		};
		91858F802AB9E9C100A5CC5E /* Preview Content */ = {
			isa = PBXGroup;
			children = (
				91858F812AB9E9C100A5CC5E /* Preview Assets.xcassets */,
			);
			path = "Preview Content";
			sourceTree = "<group>";
		};
		91858F8A2AB9E9C100A5CC5E /* dulceTests */ = {
			isa = PBXGroup;
			children = (
				91858F8B2AB9E9C100A5CC5E /* dulceTests.swift */,
			);
			path = dulceTests;
			sourceTree = "<group>";
		};
		91858F942AB9E9C100A5CC5E /* dulceUITests */ = {
			isa = PBXGroup;
			children = (
				91858F952AB9E9C100A5CC5E /* dulceUITests.swift */,
				91858F972AB9E9C100A5CC5E /* dulceUITestsLaunchTests.swift */,
			);
			path = dulceUITests;
			sourceTree = "<group>";
		};
/* End PBXGroup section */

/* Begin PBXNativeTarget section */
		91858F762AB9E9BF00A5CC5E /* dulce */ = {
			isa = PBXNativeTarget;
			buildConfigurationList = 91858F9B2AB9E9C100A5CC5E /* Build configuration list for PBXNativeTarget "dulce" */;
			buildPhases = (
				91858F732AB9E9BF00A5CC5E /* Sources */,
				91858F742AB9E9BF00A5CC5E /* Frameworks */,
				91858F752AB9E9BF00A5CC5E /* Resources */,
			);
			buildRules = (
			);
			dependencies = (
			);
			name = dulce;
			productName = dulce;
			productReference = 91858F772AB9E9BF00A5CC5E /* dulce.app */;
			productType = "com.apple.product-type.application";
		};
		91858F862AB9E9C100A5CC5E /* dulceTests */ = {
			isa = PBXNativeTarget;
			buildConfigurationList = 91858F9E2AB9E9C100A5CC5E /* Build configuration list for PBXNativeTarget "dulceTests" */;
			buildPhases = (
				91858F832AB9E9C100A5CC5E /* Sources */,
				91858F842AB9E9C100A5CC5E /* Frameworks */,
				91858F852AB9E9C100A5CC5E /* Resources */,
			);
			buildRules = (
			);
			dependencies = (
				91858F892AB9E9C100A5CC5E /* PBXTargetDependency */,
			);
			name = dulceTests;
			productName = dulceTests;
			productReference = 91858F872AB9E9C100A5CC5E /* dulceTests.xctest */;
			productType = "com.apple.product-type.bundle.unit-test";
		};
		91858F902AB9E9C100A5CC5E /* dulceUITests */ = {
			isa = PBXNativeTarget;
			buildConfigurationList = 91858FA12AB9E9C100A5CC5E /* Build configuration list for PBXNativeTarget "dulceUITests" */;
			buildPhases = (
				91858F8D2AB9E9C100A5CC5E /* Sources */,
				91858F8E2AB9E9C100A5CC5E /* Frameworks */,
				91858F8F2AB9E9C100A5CC5E /* Resources */,
			);
			buildRules = (
			);
			dependencies = (
				91858F932AB9E9C100A5CC5E /* PBXTargetDependency */,
			);
			name = dulceUITests;
			productName = dulceUITests;
			productReference = 91858F912AB9E9C100A5CC5E /* dulceUITests.xctest */;
			productType = "com.apple.product-type.bundle.ui-testing";
		};
/* End PBXNativeTarget section */

/* Begin PBXProject section */
		91858F6F2AB9E9BF00A5CC5E /* Project object */ = {
			isa = PBXProject;
			attributes = {
				BuildIndependentTargetsInParallel = 1;
				LastSwiftUpdateCheck = 1500;
				LastUpgradeCheck = 1500;
				TargetAttributes = {
					91858F762AB9E9BF00A5CC5E = {
						CreatedOnToolsVersion = 15.0;
					};
					91858F862AB9E9C100A5CC5E = {
						CreatedOnToolsVersion = 15.0;
						TestTargetID = 91858F762AB9E9BF00A5CC5E;
					};
					91858F902AB9E9C100A5CC5E = {
						CreatedOnToolsVersion = 15.0;
						TestTargetID = 91858F762AB9E9BF00A5CC5E;
					};
				};
			};
			buildConfigurationList = 91858F722AB9E9BF00A5CC5E /* Build configuration list for PBXProject "dulce" */;
			compatibilityVersion = "Xcode 14.0";
			developmentRegion = en;
			hasScannedForEncodings = 0;
			knownRegions = (
				en,
				Base,
			);
			mainGroup = 91858F6E2AB9E9BF00A5CC5E;
			productRefGroup = 91858F782AB9E9BF00A5CC5E /* Products */;
			projectDirPath = "";
			projectRoot = "";
			targets = (
				91858F762AB9E9BF00A5CC5E /* dulce */,
				91858F862AB9E9C100A5CC5E /* dulceTests */,
				91858F902AB9E9C100A5CC5E /* dulceUITests */,
			);
		};
/* End PBXProject section */

/* Begin PBXResourcesBuildPhase section */
		91858F752AB9E9BF00A5CC5E /* Resources */ = {
			isa = PBXResourcesBuildPhase;
			buildActionMask = 2147483647;
			files = (
				91858F822AB9E9C100A5CC5E /* Preview Assets.xcassets in Resources */,
				91858F7F2AB9E9C100A5CC5E /* Assets.xcassets in Resources */,
			);
			runOnlyForDeploymentPostprocessing = 0;
		};
		91858F852AB9E9C100A5CC5E /* Resources */ = {
			isa = PBXResourcesBuildPhase;
			buildActionMask = 2147483647;
			files = (
			);
			runOnlyForDeploymentPostprocessing = 0;
		};
		91858F8F2AB9E9C100A5CC5E /* Resources */ = {
			isa = PBXResourcesBuildPhase;
			buildActionMask = 2147483647;
			files = (
			);
			runOnlyForDeploymentPostprocessing = 0;
		};
/* End PBXResourcesBuildPhase section */

/* Begin PBXSourcesBuildPhase section */
		91858F732AB9E9BF00A5CC5E /* Sources */ = {
			isa = PBXSourcesBuildPhase;
			buildActionMask = 2147483647;
			files = (
				91858F7D2AB9E9BF00A5CC5E /* ContentView.swift in Sources */,
				91858F7B2AB9E9BF00A5CC5E /* dulceApp.swift in Sources */,
				91D0465E2ABA222300C502C3 /* Notes.swift in Sources */,
			);
			runOnlyForDeploymentPostprocessing = 0;
		};
		91858F832AB9E9C100A5CC5E /* Sources */ = {
			isa = PBXSourcesBuildPhase;
			buildActionMask = 2147483647;
			files = (
				91858F8C2AB9E9C100A5CC5E /* dulceTests.swift in Sources */,
			);
			runOnlyForDeploymentPostprocessing = 0;
		};
		91858F8D2AB9E9C100A5CC5E /* Sources */ = {
			isa = PBXSourcesBuildPhase;
			buildActionMask = 2147483647;
			files = (
				91858F982AB9E9C100A5CC5E /* dulceUITestsLaunchTests.swift in Sources */,
				91858F962AB9E9C100A5CC5E /* dulceUITests.swift in Sources */,
			);
			runOnlyForDeploymentPostprocessing = 0;
		};
/* End PBXSourcesBuildPhase section */

/* Begin PBXTargetDependency section */
		91858F892AB9E9C100A5CC5E /* PBXTargetDependency */ = {
			isa = PBXTargetDependency;
			target = 91858F762AB9E9BF00A5CC5E /* dulce */;
			targetProxy = 91858F882AB9E9C100A5CC5E /* PBXContainerItemProxy */;
		};
		91858F932AB9E9C100A5CC5E /* PBXTargetDependency */ = {
			isa = PBXTargetDependency;
			target = 91858F762AB9E9BF00A5CC5E /* dulce */;
			targetProxy = 91858F922AB9E9C100A5CC5E /* PBXContainerItemProxy */;
		};
/* End PBXTargetDependency section */

/* Begin XCBuildConfiguration section */
		91858F992AB9E9C100A5CC5E /* Debug */ = {
			isa = XCBuildConfiguration;
			buildSettings = {
				ALWAYS_SEARCH_USER_PATHS = NO;
				ASSETCATALOG_COMPILER_GENERATE_SWIFT_ASSET_SYMBOL_EXTENSIONS = YES;
				CLANG_ANALYZER_NONNULL = YES;
				CLANG_ANALYZER_NUMBER_OBJECT_CONVERSION = YES_AGGRESSIVE;
				CLANG_CXX_LANGUAGE_STANDARD = "gnu++20";
				CLANG_ENABLE_MODULES = YES;
				CLANG_ENABLE_OBJC_ARC = YES;
				CLANG_ENABLE_OBJC_WEAK = YES;
				CLANG_WARN_BLOCK_CAPTURE_AUTORELEASING = YES;
				CLANG_WARN_BOOL_CONVERSION = YES;
				CLANG_WARN_COMMA = YES;
				CLANG_WARN_CONSTANT_CONVERSION = YES;
				CLANG_WARN_DEPRECATED_OBJC_IMPLEMENTATIONS = YES;
				CLANG_WARN_DIRECT_OBJC_ISA_USAGE = YES_ERROR;
				CLANG_WARN_DOCUMENTATION_COMMENTS = YES;
				CLANG_WARN_EMPTY_BODY = YES;
				CLANG_WARN_ENUM_CONVERSION = YES;
				CLANG_WARN_INFINITE_RECURSION = YES;
				CLANG_WARN_INT_CONVERSION = YES;
				CLANG_WARN_NON_LITERAL_NULL_CONVERSION = YES;
				CLANG_WARN_OBJC_IMPLICIT_RETAIN_SELF = YES;
				CLANG_WARN_OBJC_LITERAL_CONVERSION = YES;
				CLANG_WARN_OBJC_ROOT_CLASS = YES_ERROR;
				CLANG_WARN_QUOTED_INCLUDE_IN_FRAMEWORK_HEADER = YES;
				CLANG_WARN_RANGE_LOOP_ANALYSIS = YES;
				CLANG_WARN_STRICT_PROTOTYPES = YES;
				CLANG_WARN_SUSPICIOUS_MOVE = YES;
				CLANG_WARN_UNGUARDED_AVAILABILITY = YES_AGGRESSIVE;
				CLANG_WARN_UNREACHABLE_CODE = YES;
				CLANG_WARN__DUPLICATE_METHOD_MATCH = YES;
				COPY_PHASE_STRIP = NO;
				DEBUG_INFORMATION_FORMAT = dwarf;
				ENABLE_STRICT_OBJC_MSGSEND = YES;
				ENABLE_TESTABILITY = YES;
				ENABLE_USER_SCRIPT_SANDBOXING = YES;
				GCC_C_LANGUAGE_STANDARD = gnu17;
				GCC_DYNAMIC_NO_PIC = NO;
				GCC_NO_COMMON_BLOCKS = YES;
				GCC_OPTIMIZATION_LEVEL = 0;
				GCC_PREPROCESSOR_DEFINITIONS = (
					"DEBUG=1",
					"$(inherited)",
				);
				GCC_WARN_64_TO_32_BIT_CONVERSION = YES;
				GCC_WARN_ABOUT_RETURN_TYPE = YES_ERROR;
				GCC_WARN_UNDECLARED_SELECTOR = YES;
				GCC_WARN_UNINITIALIZED_AUTOS = YES_AGGRESSIVE;
				GCC_WARN_UNUSED_FUNCTION = YES;
				GCC_WARN_UNUSED_VARIABLE = YES;
				IPHONEOS_DEPLOYMENT_TARGET = 17.0;
				LOCALIZATION_PREFERS_STRING_CATALOGS = YES;
				MTL_ENABLE_DEBUG_INFO = INCLUDE_SOURCE;
				MTL_FAST_MATH = YES;
				ONLY_ACTIVE_ARCH = YES;
				SDKROOT = iphoneos;
				SWIFT_ACTIVE_COMPILATION_CONDITIONS = "DEBUG $(inherited)";
				SWIFT_OPTIMIZATION_LEVEL = "-Onone";
			};
			name = Debug;
		};
		91858F9A2AB9E9C100A5CC5E /* Release */ = {
			isa = XCBuildConfiguration;
			buildSettings = {
				ALWAYS_SEARCH_USER_PATHS = NO;
				ASSETCATALOG_COMPILER_GENERATE_SWIFT_ASSET_SYMBOL_EXTENSIONS = YES;
				CLANG_ANALYZER_NONNULL = YES;
				CLANG_ANALYZER_NUMBER_OBJECT_CONVERSION = YES_AGGRESSIVE;
				CLANG_CXX_LANGUAGE_STANDARD = "gnu++20";
				CLANG_ENABLE_MODULES = YES;
				CLANG_ENABLE_OBJC_ARC = YES;
				CLANG_ENABLE_OBJC_WEAK = YES;
				CLANG_WARN_BLOCK_CAPTURE_AUTORELEASING = YES;
				CLANG_WARN_BOOL_CONVERSION = YES;
				CLANG_WARN_COMMA = YES;
				CLANG_WARN_CONSTANT_CONVERSION = YES;
				CLANG_WARN_DEPRECATED_OBJC_IMPLEMENTATIONS = YES;
				CLANG_WARN_DIRECT_OBJC_ISA_USAGE = YES_ERROR;
				CLANG_WARN_DOCUMENTATION_COMMENTS = YES;
				CLANG_WARN_EMPTY_BODY = YES;
				CLANG_WARN_ENUM_CONVERSION = YES;
				CLANG_WARN_INFINITE_RECURSION = YES;
				CLANG_WARN_INT_CONVERSION = YES;
				CLANG_WARN_NON_LITERAL_NULL_CONVERSION = YES;
				CLANG_WARN_OBJC_IMPLICIT_RETAIN_SELF = YES;
				CLANG_WARN_OBJC_LITERAL_CONVERSION = YES;
				CLANG_WARN_OBJC_ROOT_CLASS = YES_ERROR;
				CLANG_WARN_QUOTED_INCLUDE_IN_FRAMEWORK_HEADER = YES;
				CLANG_WARN_RANGE_LOOP_ANALYSIS = YES;
				CLANG_WARN_STRICT_PROTOTYPES = YES;
				CLANG_WARN_SUSPICIOUS_MOVE = YES;
				CLANG_WARN_UNGUARDED_AVAILABILITY = YES_AGGRESSIVE;
				CLANG_WARN_UNREACHABLE_CODE = YES;
				CLANG_WARN__DUPLICATE_METHOD_MATCH = YES;
				COPY_PHASE_STRIP = NO;
				DEBUG_INFORMATION_FORMAT = "dwarf-with-dsym";
				ENABLE_NS_ASSERTIONS = NO;
				ENABLE_STRICT_OBJC_MSGSEND = YES;
				ENABLE_USER_SCRIPT_SANDBOXING = YES;
				GCC_C_LANGUAGE_STANDARD = gnu17;
				GCC_NO_COMMON_BLOCKS = YES;
				GCC_WARN_64_TO_32_BIT_CONVERSION = YES;
				GCC_WARN_ABOUT_RETURN_TYPE = YES_ERROR;
				GCC_WARN_UNDECLARED_SELECTOR = YES;
				GCC_WARN_UNINITIALIZED_AUTOS = YES_AGGRESSIVE;
				GCC_WARN_UNUSED_FUNCTION = YES;
				GCC_WARN_UNUSED_VARIABLE = YES;
				IPHONEOS_DEPLOYMENT_TARGET = 17.0;
				LOCALIZATION_PREFERS_STRING_CATALOGS = YES;
				MTL_ENABLE_DEBUG_INFO = NO;
				MTL_FAST_MATH = YES;
				SDKROOT = iphoneos;
				SWIFT_COMPILATION_MODE = wholemodule;
				VALIDATE_PRODUCT = YES;
			};
			name = Release;
		};
		91858F9C2AB9E9C100A5CC5E /* Debug */ = {
			isa = XCBuildConfiguration;
			buildSettings = {
				ASSETCATALOG_COMPILER_APPICON_NAME = AppIcon;
				ASSETCATALOG_COMPILER_GLOBAL_ACCENT_COLOR_NAME = AccentColor;
				CODE_SIGN_STYLE = Automatic;
				CURRENT_PROJECT_VERSION = 1;
				DEVELOPMENT_ASSET_PATHS = "\"dulce/Preview Content\"";
				DEVELOPMENT_TEAM = 7B9VB3YTHK;
				ENABLE_PREVIEWS = YES;
				GENERATE_INFOPLIST_FILE = YES;
				INFOPLIST_KEY_UIApplicationSceneManifest_Generation = YES;
				INFOPLIST_KEY_UIApplicationSupportsIndirectInputEvents = YES;
				INFOPLIST_KEY_UILaunchScreen_Generation = YES;
				INFOPLIST_KEY_UISupportedInterfaceOrientations_iPad = "UIInterfaceOrientationPortrait UIInterfaceOrientationPortraitUpsideDown UIInterfaceOrientationLandscapeLeft UIInterfaceOrientationLandscapeRight";
				INFOPLIST_KEY_UISupportedInterfaceOrientations_iPhone = "UIInterfaceOrientationPortrait UIInterfaceOrientationLandscapeLeft UIInterfaceOrientationLandscapeRight";
				LD_RUNPATH_SEARCH_PATHS = (
					"$(inherited)",
					"@executable_path/Frameworks",
				);
				MARKETING_VERSION = 1.0;
				PRODUCT_BUNDLE_IDENTIFIER = com.xp123.dulce;
				PRODUCT_NAME = "$(TARGET_NAME)";
				SWIFT_EMIT_LOC_STRINGS = YES;
				SWIFT_VERSION = 5.0;
				TARGETED_DEVICE_FAMILY = "1,2";
			};
			name = Debug;
		};
		91858F9D2AB9E9C100A5CC5E /* Release */ = {
			isa = XCBuildConfiguration;
			buildSettings = {
				ASSETCATALOG_COMPILER_APPICON_NAME = AppIcon;
				ASSETCATALOG_COMPILER_GLOBAL_ACCENT_COLOR_NAME = AccentColor;
				CODE_SIGN_STYLE = Automatic;
				CURRENT_PROJECT_VERSION = 1;
				DEVELOPMENT_ASSET_PATHS = "\"dulce/Preview Content\"";
				DEVELOPMENT_TEAM = 7B9VB3YTHK;
				ENABLE_PREVIEWS = YES;
				GENERATE_INFOPLIST_FILE = YES;
				INFOPLIST_KEY_UIApplicationSceneManifest_Generation = YES;
				INFOPLIST_KEY_UIApplicationSupportsIndirectInputEvents = YES;
				INFOPLIST_KEY_UILaunchScreen_Generation = YES;
				INFOPLIST_KEY_UISupportedInterfaceOrientations_iPad = "UIInterfaceOrientationPortrait UIInterfaceOrientationPortraitUpsideDown UIInterfaceOrientationLandscapeLeft UIInterfaceOrientationLandscapeRight";
				INFOPLIST_KEY_UISupportedInterfaceOrientations_iPhone = "UIInterfaceOrientationPortrait UIInterfaceOrientationLandscapeLeft UIInterfaceOrientationLandscapeRight";
				LD_RUNPATH_SEARCH_PATHS = (
					"$(inherited)",
					"@executable_path/Frameworks",
				);
				MARKETING_VERSION = 1.0;
				PRODUCT_BUNDLE_IDENTIFIER = com.xp123.dulce;
				PRODUCT_NAME = "$(TARGET_NAME)";
				SWIFT_EMIT_LOC_STRINGS = YES;
				SWIFT_VERSION = 5.0;
				TARGETED_DEVICE_FAMILY = "1,2";
			};
			name = Release;
		};
		91858F9F2AB9E9C100A5CC5E /* Debug */ = {
			isa = XCBuildConfiguration;
			buildSettings = {
				ALWAYS_EMBED_SWIFT_STANDARD_LIBRARIES = YES;
				BUNDLE_LOADER = "$(TEST_HOST)";
				CODE_SIGN_STYLE = Automatic;
				CURRENT_PROJECT_VERSION = 1;
				DEVELOPMENT_TEAM = 7B9VB3YTHK;
				GENERATE_INFOPLIST_FILE = YES;
				IPHONEOS_DEPLOYMENT_TARGET = 17.0;
				MARKETING_VERSION = 1.0;
				PRODUCT_BUNDLE_IDENTIFIER = com.xp123.dulceTests;
				PRODUCT_NAME = "$(TARGET_NAME)";
				SWIFT_EMIT_LOC_STRINGS = NO;
				SWIFT_VERSION = 5.0;
				TARGETED_DEVICE_FAMILY = "1,2";
				TEST_HOST = "$(BUILT_PRODUCTS_DIR)/dulce.app/$(BUNDLE_EXECUTABLE_FOLDER_PATH)/dulce";
			};
			name = Debug;
		};
		91858FA02AB9E9C100A5CC5E /* Release */ = {
			isa = XCBuildConfiguration;
			buildSettings = {
				ALWAYS_EMBED_SWIFT_STANDARD_LIBRARIES = YES;
				BUNDLE_LOADER = "$(TEST_HOST)";
				CODE_SIGN_STYLE = Automatic;
				CURRENT_PROJECT_VERSION = 1;
				DEVELOPMENT_TEAM = 7B9VB3YTHK;
				GENERATE_INFOPLIST_FILE = YES;
				IPHONEOS_DEPLOYMENT_TARGET = 17.0;
				MARKETING_VERSION = 1.0;
				PRODUCT_BUNDLE_IDENTIFIER = com.xp123.dulceTests;
				PRODUCT_NAME = "$(TARGET_NAME)";
				SWIFT_EMIT_LOC_STRINGS = NO;
				SWIFT_VERSION = 5.0;
				TARGETED_DEVICE_FAMILY = "1,2";
				TEST_HOST = "$(BUILT_PRODUCTS_DIR)/dulce.app/$(BUNDLE_EXECUTABLE_FOLDER_PATH)/dulce";
			};
			name = Release;
		};
		91858FA22AB9E9C100A5CC5E /* Debug */ = {
			isa = XCBuildConfiguration;
			buildSettings = {
				ALWAYS_EMBED_SWIFT_STANDARD_LIBRARIES = YES;
				CODE_SIGN_STYLE = Automatic;
				CURRENT_PROJECT_VERSION = 1;
				DEVELOPMENT_TEAM = 7B9VB3YTHK;
				GENERATE_INFOPLIST_FILE = YES;
				MARKETING_VERSION = 1.0;
				PRODUCT_BUNDLE_IDENTIFIER = com.xp123.dulceUITests;
				PRODUCT_NAME = "$(TARGET_NAME)";
				SWIFT_EMIT_LOC_STRINGS = NO;
				SWIFT_VERSION = 5.0;
				TARGETED_DEVICE_FAMILY = "1,2";
				TEST_TARGET_NAME = dulce;
			};
			name = Debug;
		};
		91858FA32AB9E9C100A5CC5E /* Release */ = {
			isa = XCBuildConfiguration;
			buildSettings = {
				ALWAYS_EMBED_SWIFT_STANDARD_LIBRARIES = YES;
				CODE_SIGN_STYLE = Automatic;
				CURRENT_PROJECT_VERSION = 1;
				DEVELOPMENT_TEAM = 7B9VB3YTHK;
				GENERATE_INFOPLIST_FILE = YES;
				MARKETING_VERSION = 1.0;
				PRODUCT_BUNDLE_IDENTIFIER = com.xp123.dulceUITests;
				PRODUCT_NAME = "$(TARGET_NAME)";
				SWIFT_EMIT_LOC_STRINGS = NO;
				SWIFT_VERSION = 5.0;
				TARGETED_DEVICE_FAMILY = "1,2";
				TEST_TARGET_NAME = dulce;
			};
			name = Release;
		};
/* End XCBuildConfiguration section */

/* Begin XCConfigurationList section */
		91858F722AB9E9BF00A5CC5E /* Build configuration list for PBXProject "dulce" */ = {
			isa = XCConfigurationList;
			buildConfigurations = (
				91858F992AB9E9C100A5CC5E /* Debug */,
				91858F9A2AB9E9C100A5CC5E /* Release */,
			);
			defaultConfigurationIsVisible = 0;
			defaultConfigurationName = Release;
		};
		91858F9B2AB9E9C100A5CC5E /* Build configuration list for PBXNativeTarget "dulce" */ = {
			isa = XCConfigurationList;
			buildConfigurations = (
				91858F9C2AB9E9C100A5CC5E /* Debug */,
				91858F9D2AB9E9C100A5CC5E /* Release */,
			);
			defaultConfigurationIsVisible = 0;
			defaultConfigurationName = Release;
		};
		91858F9E2AB9E9C100A5CC5E /* Build configuration list for PBXNativeTarget "dulceTests" */ = {
			isa = XCConfigurationList;
			buildConfigurations = (
				91858F9F2AB9E9C100A5CC5E /* Debug */,
				91858FA02AB9E9C100A5CC5E /* Release */,
			);
			defaultConfigurationIsVisible = 0;
			defaultConfigurationName = Release;
		};
		91858FA12AB9E9C100A5CC5E /* Build configuration list for PBXNativeTarget "dulceUITests" */ = {
			isa = XCConfigurationList;
			buildConfigurations = (
				91858FA22AB9E9C100A5CC5E /* Debug */,
				91858FA32AB9E9C100A5CC5E /* Release */,
			);
			defaultConfigurationIsVisible = 0;
			defaultConfigurationName = Release;
		};
/* End XCConfigurationList section */
	};
	rootObject = 91858F6F2AB9E9BF00A5CC5E /* Project object */;
}
